
Microsoft Visual Studio Solution File, Format Version 12.00
# Visual Studio Version 17
VisualStudioVersion = 17.3.32901.215
MinimumVisualStudioVersion = 10.0.40219.1
Project("{FAE04EC0-301F-11D3-BF4B-00C04F79EFBC}") = "AoC", "AoC\AoC.csproj", "{EECEC70F-8E40-4647-8A77-4404B3BC41B4}"
EndProject
Global
	GlobalSection(SolutionConfigurationPlatforms) = preSolution
		Debug|Any CPU = Debug|Any CPU
		Release|Any CPU = Release|Any CPU
	EndGlobalSection
	GlobalSection(ProjectConfigurationPlatforms) = postSolution
		{EECEC70F-8E40-4647-8A77-4404B3BC41B4}.Debug|Any CPU.ActiveCfg = Debug|Any CPU
		{EECEC70F-8E40-4647-8A77-4404B3BC41B4}.Debug|Any CPU.Build.0 = Debug|Any CPU
		{EECEC70F-8E40-4647-8A77-4404B3BC41B4}.Release|Any CPU.ActiveCfg = Release|Any CPU
		{EECEC70F-8E40-4647-8A77-4404B3BC41B4}.Release|Any CPU.Build.0 = Release|Any CPU
	EndGlobalSection
	GlobalSection(SolutionProperties) = preSolution
		HideSolutionNode = FALSE
	EndGlobalSection
	GlobalSection(ExtensibilityGlobals) = postSolution
		SolutionGuid = {7321FFB5-493D-4422-9393-D905BD01B2AB}
	EndGlobalSection
EndGlobal
